
Microsoft Visual Studio Solution File, Format Version 12.00
# Visual Studio Version 17
VisualStudioVersion = 17.10.35013.160
MinimumVisualStudioVersion = 10.0.40219.1
Project("{2150E333-8FDC-42A3-9474-1A3956D46DE8}") = "EdnasLibrary", "EdnasLibrary", "{755E3B2E-DF1A-4355-A422-6F8D28A7EB72}"
EndProject
Project("{FAE04EC0-301F-11D3-BF4B-00C04F79EFBC}") = "EdnasLibrary.Api", "EdnasLibrary.Api\EdnasLibrary.Api.csproj", "{D2849961-39CB-48D7-8CD9-0F35BE5F5669}"
EndProject
Project("{FAE04EC0-301F-11D3-BF4B-00C04F79EFBC}") = "EdnasLibrary.Application", "EdnasLibrary.Application\EdnasLibrary.Application.csproj", "{C6A76547-A680-4243-B879-98D6705B2FFE}"
EndProject
Project("{FAE04EC0-301F-11D3-BF4B-00C04F79EFBC}") = "EdnasLibrary.Core", "EdnasLibrary.Core\EdnasLibrary.Core.csproj", "{1080966D-5793-473A-B57E-A86D168755BC}"
EndProject
Project("{FAE04EC0-301F-11D3-BF4B-00C04F79EFBC}") = "EdnasLibrary.Infra", "EdnasLibrary.Infra\EdnasLibrary.Infra.csproj", "{2EA14DC9-1A2A-4CE9-9761-AF9619D3DDAF}"
EndProject
Global
	GlobalSection(SolutionConfigurationPlatforms) = preSolution
		Debug|Any CPU = Debug|Any CPU
		Release|Any CPU = Release|Any CPU
	EndGlobalSection
	GlobalSection(ProjectConfigurationPlatforms) = postSolution
		{D2849961-39CB-48D7-8CD9-0F35BE5F5669}.Debug|Any CPU.ActiveCfg = Debug|Any CPU
		{D2849961-39CB-48D7-8CD9-0F35BE5F5669}.Debug|Any CPU.Build.0 = Debug|Any CPU
		{D2849961-39CB-48D7-8CD9-0F35BE5F5669}.Release|Any CPU.ActiveCfg = Release|Any CPU
		{D2849961-39CB-48D7-8CD9-0F35BE5F5669}.Release|Any CPU.Build.0 = Release|Any CPU
		{C6A76547-A680-4243-B879-98D6705B2FFE}.Debug|Any CPU.ActiveCfg = Debug|Any CPU
		{C6A76547-A680-4243-B879-98D6705B2FFE}.Debug|Any CPU.Build.0 = Debug|Any CPU
		{C6A76547-A680-4243-B879-98D6705B2FFE}.Release|Any CPU.ActiveCfg = Release|Any CPU
		{C6A76547-A680-4243-B879-98D6705B2FFE}.Release|Any CPU.Build.0 = Release|Any CPU
		{1080966D-5793-473A-B57E-A86D168755BC}.Debug|Any CPU.ActiveCfg = Debug|Any CPU
		{1080966D-5793-473A-B57E-A86D168755BC}.Debug|Any CPU.Build.0 = Debug|Any CPU
		{1080966D-5793-473A-B57E-A86D168755BC}.Release|Any CPU.ActiveCfg = Release|Any CPU
		{1080966D-5793-473A-B57E-A86D168755BC}.Release|Any CPU.Build.0 = Release|Any CPU
		{2EA14DC9-1A2A-4CE9-9761-AF9619D3DDAF}.Debug|Any CPU.ActiveCfg = Debug|Any CPU
		{2EA14DC9-1A2A-4CE9-9761-AF9619D3DDAF}.Debug|Any CPU.Build.0 = Debug|Any CPU
		{2EA14DC9-1A2A-4CE9-9761-AF9619D3DDAF}.Release|Any CPU.ActiveCfg = Release|Any CPU
		{2EA14DC9-1A2A-4CE9-9761-AF9619D3DDAF}.Release|Any CPU.Build.0 = Release|Any CPU
	EndGlobalSection
	GlobalSection(SolutionProperties) = preSolution
		HideSolutionNode = FALSE
	EndGlobalSection
	GlobalSection(NestedProjects) = preSolution
		{D2849961-39CB-48D7-8CD9-0F35BE5F5669} = {755E3B2E-DF1A-4355-A422-6F8D28A7EB72}
		{C6A76547-A680-4243-B879-98D6705B2FFE} = {755E3B2E-DF1A-4355-A422-6F8D28A7EB72}
		{1080966D-5793-473A-B57E-A86D168755BC} = {755E3B2E-DF1A-4355-A422-6F8D28A7EB72}
		{2EA14DC9-1A2A-4CE9-9761-AF9619D3DDAF} = {755E3B2E-DF1A-4355-A422-6F8D28A7EB72}
	EndGlobalSection
	GlobalSection(ExtensibilityGlobals) = postSolution
		SolutionGuid = {CD32D44A-611F-4699-894B-91613C74562F}
	EndGlobalSection
EndGlobal
